
Microsoft Visual Studio Solution File, Format Version 12.00
# Visual Studio Version 17
VisualStudioVersion = 17.1.32328.378
MinimumVisualStudioVersion = 10.0.40219.1
Project("{FAE04EC0-301F-11D3-BF4B-00C04F79EFBC}") = "Two Dice Pig Game", "Two Dice Pig Game\Two Dice Pig Game.csproj", "{720BBDA6-B2B8-4864-973F-9562FFFA481B}"
EndProject
Global
	GlobalSection(SolutionConfigurationPlatforms) = preSolution
		Debug|Any CPU = Debug|Any CPU
		Release|Any CPU = Release|Any CPU
	EndGlobalSection
	GlobalSection(ProjectConfigurationPlatforms) = postSolution
		{720BBDA6-B2B8-4864-973F-9562FFFA481B}.Debug|Any CPU.ActiveCfg = Debug|Any CPU
		{720BBDA6-B2B8-4864-973F-9562FFFA481B}.Debug|Any CPU.Build.0 = Debug|Any CPU
		{720BBDA6-B2B8-4864-973F-9562FFFA481B}.Release|Any CPU.ActiveCfg = Release|Any CPU
		{720BBDA6-B2B8-4864-973F-9562FFFA481B}.Release|Any CPU.Build.0 = Release|Any CPU
	EndGlobalSection
	GlobalSection(SolutionProperties) = preSolution
		HideSolutionNode = FALSE
	EndGlobalSection
	GlobalSection(ExtensibilityGlobals) = postSolution
		SolutionGuid = {F21B06D7-C584-4B25-83DE-7D70507165C7}
	EndGlobalSection
EndGlobal
